Microsoft Visual Studio Solution File, Format Version 12.00
# Visual Studio Version 17
VisualStudioVersion = 17.5.2.0
MinimumVisualStudioVersion = 10.0.40219.1
Project("{FAE04EC0-301F-11D3-BF4B-00C04F79EFBC}") = "test-01", "test-01.csproj", "{EDD630C4-2054-11D3-7939-F25BB6B58BA6}"
EndProject
Global
	GlobalSection(SolutionConfigurationPlatforms) = preSolution
		Debug|Any CPU = Debug|Any CPU
		Release|Any CPU = Release|Any CPU
	EndGlobalSection
	GlobalSection(ProjectConfigurationPlatforms) = postSolution
		{EDD630C4-2054-11D3-7939-F25BB6B58BA6}.Debug|Any CPU.ActiveCfg = Debug|Any CPU
		{EDD630C4-2054-11D3-7939-F25BB6B58BA6}.Debug|Any CPU.Build.0 = Debug|Any CPU
		{EDD630C4-2054-11D3-7939-F25BB6B58BA6}.Release|Any CPU.ActiveCfg = Release|Any CPU
		{EDD630C4-2054-11D3-7939-F25BB6B58BA6}.Release|Any CPU.Build.0 = Release|Any CPU
	EndGlobalSection
	GlobalSection(SolutionProperties) = preSolution
		HideSolutionNode = FALSE
	EndGlobalSection
	GlobalSection(ExtensibilityGlobals) = postSolution
		SolutionGuid = {3AC19D7C-426D-417A-AD6A-EEC721E4099A}
	EndGlobalSection
EndGlobal
